
Microsoft Visual Studio Solution File, Format Version 12.00
# Visual Studio Version 17
VisualStudioVersion = 17.7.34031.279
MinimumVisualStudioVersion = 10.0.40219.1
Project("{FAE04EC0-301F-11D3-BF4B-00C04F79EFBC}") = "Delegate_Aufgabe", "Delegate_Aufgabe\Delegate_Aufgabe.csproj", "{A97CB50E-386A-4D2B-B3AE-060D4ED96FC8}"
EndProject
Project("{FAE04EC0-301F-11D3-BF4B-00C04F79EFBC}") = "Flugzeugaufgabe", "Flugzeugaufgabe\Flugzeugaufgabe.csproj", "{2CD29BC2-417C-40D4-8549-F3517635E932}"
EndProject
Project("{FAE04EC0-301F-11D3-BF4B-00C04F79EFBC}") = "Hobbit", "Hobbit\Hobbit.csproj", "{6453AD62-C3F3-4554-8527-FD8B678F18EF}"
EndProject
Global
	GlobalSection(SolutionConfigurationPlatforms) = preSolution
		Debug|Any CPU = Debug|Any CPU
		Release|Any CPU = Release|Any CPU
	EndGlobalSection
	GlobalSection(ProjectConfigurationPlatforms) = postSolution
		{A97CB50E-386A-4D2B-B3AE-060D4ED96FC8}.Debug|Any CPU.ActiveCfg = Debug|Any CPU
		{A97CB50E-386A-4D2B-B3AE-060D4ED96FC8}.Debug|Any CPU.Build.0 = Debug|Any CPU
		{A97CB50E-386A-4D2B-B3AE-060D4ED96FC8}.Release|Any CPU.ActiveCfg = Release|Any CPU
		{A97CB50E-386A-4D2B-B3AE-060D4ED96FC8}.Release|Any CPU.Build.0 = Release|Any CPU
		{2CD29BC2-417C-40D4-8549-F3517635E932}.Debug|Any CPU.ActiveCfg = Debug|Any CPU
		{2CD29BC2-417C-40D4-8549-F3517635E932}.Debug|Any CPU.Build.0 = Debug|Any CPU
		{2CD29BC2-417C-40D4-8549-F3517635E932}.Release|Any CPU.ActiveCfg = Release|Any CPU
		{2CD29BC2-417C-40D4-8549-F3517635E932}.Release|Any CPU.Build.0 = Release|Any CPU
		{6453AD62-C3F3-4554-8527-FD8B678F18EF}.Debug|Any CPU.ActiveCfg = Debug|Any CPU
		{6453AD62-C3F3-4554-8527-FD8B678F18EF}.Debug|Any CPU.Build.0 = Debug|Any CPU
		{6453AD62-C3F3-4554-8527-FD8B678F18EF}.Release|Any CPU.ActiveCfg = Release|Any CPU
		{6453AD62-C3F3-4554-8527-FD8B678F18EF}.Release|Any CPU.Build.0 = Release|Any CPU
	EndGlobalSection
	GlobalSection(SolutionProperties) = preSolution
		HideSolutionNode = FALSE
	EndGlobalSection
	GlobalSection(ExtensibilityGlobals) = postSolution
		SolutionGuid = {D0B385BC-C391-43B8-9241-1A9043A6C1AE}
	EndGlobalSection
EndGlobal
